// !$*UTF8*$!
{
	archiveVersion = 1;
	classes = {
	};
	objectVersion = 46;
	objects = {

/* Begin PBXBuildFile section */
		8CA6157F1F1D2FE500C07F57 /* AppDelegate.swift in Sources */ = {isa = PBXBuildFile; fileRef = 8CA6157E1F1D2FE500C07F57 /* AppDelegate.swift */; };
		8CA615811F1D2FE500C07F57 /* ViewController.swift in Sources */ = {isa = PBXBuildFile; fileRef = 8CA615801F1D2FE500C07F57 /* ViewController.swift */; };
		8CA615841F1D2FE500C07F57 /* Main.storyboard in Resources */ = {isa = PBXBuildFile; fileRef = 8CA615821F1D2FE500C07F57 /* Main.storyboard */; };
		8CA615861F1D2FE500C07F57 /* Assets.xcassets in Resources */ = {isa = PBXBuildFile; fileRef = 8CA615851F1D2FE500C07F57 /* Assets.xcassets */; };
		8CA615891F1D2FE500C07F57 /* LaunchScreen.storyboard in Resources */ = {isa = PBXBuildFile; fileRef = 8CA615871F1D2FE500C07F57 /* LaunchScreen.storyboard */; };
		8CA615941F1D2FE500C07F57 /* MediaDemoTests.swift in Sources */ = {isa = PBXBuildFile; fileRef = 8CA615931F1D2FE500C07F57 /* MediaDemoTests.swift */; };
		8CA6159F1F1D2FE500C07F57 /* MediaDemoUITests.swift in Sources */ = {isa = PBXBuildFile; fileRef = 8CA6159E1F1D2FE500C07F57 /* MediaDemoUITests.swift */; };
/* End PBXBuildFile section */

/* Begin PBXContainerItemProxy section */
		8CA615901F1D2FE500C07F57 /* PBXContainerItemProxy */ = {
			isa = PBXContainerItemProxy;
			containerPortal = 8CA615731F1D2FE500C07F57 /* Project object */;
			proxyType = 1;
			remoteGlobalIDString = 8CA6157A1F1D2FE500C07F57;
			remoteInfo = MediaDemo;
		};
		8CA6159B1F1D2FE500C07F57 /* PBXContainerItemProxy */ = {
			isa = PBXContainerItemProxy;
			containerPortal = 8CA615731F1D2FE500C07F57 /* Project object */;
			proxyType = 1;
			remoteGlobalIDString = 8CA6157A1F1D2FE500C07F57;
			remoteInfo = MediaDemo;
		};
/* End PBXContainerItemProxy section */

/* Begin PBXFileReference section */
		8CA6157B1F1D2FE500C07F57 /* MediaDemo.app */ = {isa = PBXFileReference; explicitFileType = wrapper.application; includeInIndex = 0; path = MediaDemo.app; sourceTree = BUILT_PRODUCTS_DIR; };
		8CA6157E1F1D2FE500C07F57 /* AppDelegate.swift */ = {isa = PBXFileReference; lastKnownFileType = sourcecode.swift; path = AppDelegate.swift; sourceTree = "<group>"; };
		8CA615801F1D2FE500C07F57 /* ViewController.swift */ = {isa = PBXFileReference; lastKnownFileType = sourcecode.swift; path = ViewController.swift; sourceTree = "<group>"; };
		8CA615831F1D2FE500C07F57 /* Base */ = {isa = PBXFileReference; lastKnownFileType = file.storyboard; name = Base; path = Base.lproj/Main.storyboard; sourceTree = "<group>"; };
		8CA615851F1D2FE500C07F57 /* Assets.xcassets */ = {isa = PBXFileReference; lastKnownFileType = folder.assetcatalog; path = Assets.xcassets; sourceTree = "<group>"; };
		8CA615881F1D2FE500C07F57 /* Base */ = {isa = PBXFileReference; lastKnownFileType = file.storyboard; name = Base; path = Base.lproj/LaunchScreen.storyboard; sourceTree = "<group>"; };
		8CA6158A1F1D2FE500C07F57 /* Info.plist */ = {isa = PBXFileReference; lastKnownFileType = text.plist.xml; path = Info.plist; sourceTree = "<group>"; };
		8CA6158F1F1D2FE500C07F57 /* MediaDemoTests.xctest */ = {isa = PBXFileReference; explicitFileType = wrapper.cfbundle; includeInIndex = 0; path = MediaDemoTests.xctest; sourceTree = BUILT_PRODUCTS_DIR; };
		8CA615931F1D2FE500C07F57 /* MediaDemoTests.swift */ = {isa = PBXFileReference; lastKnownFileType = sourcecode.swift; path = MediaDemoTests.swift; sourceTree = "<group>"; };
		8CA615951F1D2FE500C07F57 /* Info.plist */ = {isa = PBXFileReference; lastKnownFileType = text.plist.xml; path = Info.plist; sourceTree = "<group>"; };
		8CA6159A1F1D2FE500C07F57 /* MediaDemoUITests.xctest */ = {isa = PBXFileReference; explicitFileType = wrapper.cfbundle; includeInIndex = 0; path = MediaDemoUITests.xctest; sourceTree = BUILT_PRODUCTS_DIR; };
		8CA6159E1F1D2FE500C07F57 /* MediaDemoUITests.swift */ = {isa = PBXFileReference; lastKnownFileType = sourcecode.swift; path = MediaDemoUITests.swift; sourceTree = "<group>"; };
		8CA615A01F1D2FE500C07F57 /* Info.plist */ = {isa = PBXFileReference; lastKnownFileType = text.plist.xml; path = Info.plist; sourceTree = "<group>"; };
/* End PBXFileReference section */

/* Begin PBXFrameworksBuildPhase section */
		8CA615781F1D2FE500C07F57 /* Frameworks */ = {
			isa = PBXFrameworksBuildPhase;
			buildActionMask = 2147483647;
			files = (
			);
			runOnlyForDeploymentPostprocessing = 0;
		};
		8CA6158C1F1D2FE500C07F57 /* Frameworks */ = {
			isa = PBXFrameworksBuildPhase;
			buildActionMask = 2147483647;
			files = (
			);
			runOnlyForDeploymentPostprocessing = 0;
		};
		8CA615971F1D2FE500C07F57 /* Frameworks */ = {
			isa = PBXFrameworksBuildPhase;
			buildActionMask = 2147483647;
			files = (
			);
			runOnlyForDeploymentPostprocessing = 0;
		};
/* End PBXFrameworksBuildPhase section */

/* Begin PBXGroup section */
		8CA615721F1D2FE500C07F57 = {
			isa = PBXGroup;
			children = (
				8CA6157D1F1D2FE500C07F57 /* MediaDemo */,
				8CA615921F1D2FE500C07F57 /* MediaDemoTests */,
				8CA6159D1F1D2FE500C07F57 /* MediaDemoUITests */,
				8CA6157C1F1D2FE500C07F57 /* Products */,
			);
			sourceTree = "<group>";
		};
		8CA6157C1F1D2FE500C07F57 /* Products */ = {
			isa = PBXGroup;
			children = (
				8CA6157B1F1D2FE500C07F57 /* MediaDemo.app */,
				8CA6158F1F1D2FE500C07F57 /* MediaDemoTests.xctest */,
				8CA6159A1F1D2FE500C07F57 /* MediaDemoUITests.xctest */,
			);
			name = Products;
			sourceTree = "<group>";
		};
		8CA6157D1F1D2FE500C07F57 /* MediaDemo */ = {
			isa = PBXGroup;
			children = (
				8CA6157E1F1D2FE500C07F57 /* AppDelegate.swift */,
				8CA615801F1D2FE500C07F57 /* ViewController.swift */,
				8CA615821F1D2FE500C07F57 /* Main.storyboard */,
				8CA615851F1D2FE500C07F57 /* Assets.xcassets */,
				8CA615871F1D2FE500C07F57 /* LaunchScreen.storyboard */,
				8CA6158A1F1D2FE500C07F57 /* Info.plist */,
			);
			path = MediaDemo;
			sourceTree = "<group>";
		};
		8CA615921F1D2FE500C07F57 /* MediaDemoTests */ = {
			isa = PBXGroup;
			children = (
				8CA615931F1D2FE500C07F57 /* MediaDemoTests.swift */,
				8CA615951F1D2FE500C07F57 /* Info.plist */,
			);
			path = MediaDemoTests;
			sourceTree = "<group>";
		};
		8CA6159D1F1D2FE500C07F57 /* MediaDemoUITests */ = {
			isa = PBXGroup;
			children = (
				8CA6159E1F1D2FE500C07F57 /* MediaDemoUITests.swift */,
				8CA615A01F1D2FE500C07F57 /* Info.plist */,
			);
			path = MediaDemoUITests;
			sourceTree = "<group>";
		};
/* End PBXGroup section */

/* Begin PBXNativeTarget section */
		8CA6157A1F1D2FE500C07F57 /* MediaDemo */ = {
			isa = PBXNativeTarget;
			buildConfigurationList = 8CA615A31F1D2FE500C07F57 /* Build configuration list for PBXNativeTarget "MediaDemo" */;
			buildPhases = (
				8CA615771F1D2FE500C07F57 /* Sources */,
				8CA615781F1D2FE500C07F57 /* Frameworks */,
				8CA615791F1D2FE500C07F57 /* Resources */,
			);
			buildRules = (
			);
			dependencies = (
			);
			name = MediaDemo;
			productName = MediaDemo;
			productReference = 8CA6157B1F1D2FE500C07F57 /* MediaDemo.app */;
			productType = "com.apple.product-type.application";
		};
		8CA6158E1F1D2FE500C07F57 /* MediaDemoTests */ = {
			isa = PBXNativeTarget;
			buildConfigurationList = 8CA615A61F1D2FE500C07F57 /* Build configuration list for PBXNativeTarget "MediaDemoTests" */;
			buildPhases = (
				8CA6158B1F1D2FE500C07F57 /* Sources */,
				8CA6158C1F1D2FE500C07F57 /* Frameworks */,
				8CA6158D1F1D2FE500C07F57 /* Resources */,
			);
			buildRules = (
			);
			dependencies = (
				8CA615911F1D2FE500C07F57 /* PBXTargetDependency */,
			);
			name = MediaDemoTests;
			productName = MediaDemoTests;
			productReference = 8CA6158F1F1D2FE500C07F57 /* MediaDemoTests.xctest */;
			productType = "com.apple.product-type.bundle.unit-test";
		};
		8CA615991F1D2FE500C07F57 /* MediaDemoUITests */ = {
			isa = PBXNativeTarget;
			buildConfigurationList = 8CA615A91F1D2FE500C07F57 /* Build configuration list for PBXNativeTarget "MediaDemoUITests" */;
			buildPhases = (
				8CA615961F1D2FE500C07F57 /* Sources */,
				8CA615971F1D2FE500C07F57 /* Frameworks */,
				8CA615981F1D2FE500C07F57 /* Resources */,
			);
			buildRules = (
			);
			dependencies = (
				8CA6159C1F1D2FE500C07F57 /* PBXTargetDependency */,
			);
			name = MediaDemoUITests;
			productName = MediaDemoUITests;
			productReference = 8CA6159A1F1D2FE500C07F57 /* MediaDemoUITests.xctest */;
			productType = "com.apple.product-type.bundle.ui-testing";
		};
/* End PBXNativeTarget section */

/* Begin PBXProject section */
		8CA615731F1D2FE500C07F57 /* Project object */ = {
			isa = PBXProject;
			attributes = {
				LastSwiftUpdateCheck = 0830;
				LastUpgradeCheck = 0830;
				ORGANIZATIONNAME = ricardo;
				TargetAttributes = {
					8CA6157A1F1D2FE500C07F57 = {
						CreatedOnToolsVersion = 8.3.3;
						DevelopmentTeam = Y8YFPUXR3W;
						ProvisioningStyle = Automatic;
					};
					8CA6158E1F1D2FE500C07F57 = {
						CreatedOnToolsVersion = 8.3.3;
						ProvisioningStyle = Automatic;
						TestTargetID = 8CA6157A1F1D2FE500C07F57;
					};
					8CA615991F1D2FE500C07F57 = {
						CreatedOnToolsVersion = 8.3.3;
						ProvisioningStyle = Automatic;
						TestTargetID = 8CA6157A1F1D2FE500C07F57;
					};
				};
			};
			buildConfigurationList = 8CA615761F1D2FE500C07F57 /* Build configuration list for PBXProject "MediaDemo" */;
			compatibilityVersion = "Xcode 3.2";
			developmentRegion = English;
			hasScannedForEncodings = 0;
			knownRegions = (
				en,
				Base,
			);
			mainGroup = 8CA615721F1D2FE500C07F57;
			productRefGroup = 8CA6157C1F1D2FE500C07F57 /* Products */;
			projectDirPath = "";
			projectRoot = "";
			targets = (
				8CA6157A1F1D2FE500C07F57 /* MediaDemo */,
				8CA6158E1F1D2FE500C07F57 /* MediaDemoTests */,
				8CA615991F1D2FE500C07F57 /* MediaDemoUITests */,
			);
		};
/* End PBXProject section */

/* Begin PBXResourcesBuildPhase section */
		8CA615791F1D2FE500C07F57 /* Resources */ = {
			isa = PBXResourcesBuildPhase;
			buildActionMask = 2147483647;
			files = (
				8CA615891F1D2FE500C07F57 /* LaunchScreen.storyboard in Resources */,
				8CA615861F1D2FE500C07F57 /* Assets.xcassets in Resources */,
				8CA615841F1D2FE500C07F57 /* Main.storyboard in Resources */,
			);
			runOnlyForDeploymentPostprocessing = 0;
		};
		8CA6158D1F1D2FE500C07F57 /* Resources */ = {
			isa = PBXResourcesBuildPhase;
			buildActionMask = 2147483647;
			files = (
			);
			runOnlyForDeploymentPostprocessing = 0;
		};
		8CA615981F1D2FE500C07F57 /* Resources */ = {
			isa = PBXResourcesBuildPhase;
			buildActionMask = 2147483647;
			files = (
			);
			runOnlyForDeploymentPostprocessing = 0;
		};
/* End PBXResourcesBuildPhase section */

/* Begin PBXSourcesBuildPhase section */
		8CA615771F1D2FE500C07F57 /* Sources */ = {
			isa = PBXSourcesBuildPhase;
			buildActionMask = 2147483647;
			files = (
				8CA615811F1D2FE500C07F57 /* ViewController.swift in Sources */,
				8CA6157F1F1D2FE500C07F57 /* AppDelegate.swift in Sources */,
			);
			runOnlyForDeploymentPostprocessing = 0;
		};
		8CA6158B1F1D2FE500C07F57 /* Sources */ = {
			isa = PBXSourcesBuildPhase;
			buildActionMask = 2147483647;
			files = (
				8CA615941F1D2FE500C07F57 /* MediaDemoTests.swift in Sources */,
			);
			runOnlyForDeploymentPostprocessing = 0;
		};
		8CA615961F1D2FE500C07F57 /* Sources */ = {
			isa = PBXSourcesBuildPhase;
			buildActionMask = 2147483647;
			files = (
				8CA6159F1F1D2FE500C07F57 /* MediaDemoUITests.swift in Sources */,
			);
			runOnlyForDeploymentPostprocessing = 0;
		};
/* End PBXSourcesBuildPhase section */

/* Begin PBXTargetDependency section */
		8CA615911F1D2FE500C07F57 /* PBXTargetDependency */ = {
			isa = PBXTargetDependency;
			target = 8CA6157A1F1D2FE500C07F57 /* MediaDemo */;
			targetProxy = 8CA615901F1D2FE500C07F57 /* PBXContainerItemProxy */;
		};
		8CA6159C1F1D2FE500C07F57 /* PBXTargetDependency */ = {
			isa = PBXTargetDependency;
			target = 8CA6157A1F1D2FE500C07F57 /* MediaDemo */;
			targetProxy = 8CA6159B1F1D2FE500C07F57 /* PBXContainerItemProxy */;
		};
/* End PBXTargetDependency section */

/* Begin PBXVariantGroup section */
		8CA615821F1D2FE500C07F57 /* Main.storyboard */ = {
			isa = PBXVariantGroup;
			children = (
				8CA615831F1D2FE500C07F57 /* Base */,
			);
			name = Main.storyboard;
			sourceTree = "<group>";
		};
		8CA615871F1D2FE500C07F57 /* LaunchScreen.storyboard */ = {
			isa = PBXVariantGroup;
			children = (
				8CA615881F1D2FE500C07F57 /* Base */,
			);
			name = LaunchScreen.storyboard;
			sourceTree = "<group>";
		};
/* End PBXVariantGroup section */

/* Begin XCBuildConfiguration section */
		8CA615A11F1D2FE500C07F57 /* Debug */ = {
			isa = XCBuildConfiguration;
			buildSettings = {
				ALWAYS_SEARCH_USER_PATHS = NO;
				CLANG_ANALYZER_NONNULL = YES;
				CLANG_ANALYZER_NUMBER_OBJECT_CONVERSION = YES_AGGRESSIVE;
				CLANG_CXX_LANGUAGE_STANDARD = "gnu++0x";
				CLANG_CXX_LIBRARY = "libc++";
				CLANG_ENABLE_MODULES = YES;
				CLANG_ENABLE_OBJC_ARC = YES;
				CLANG_WARN_BOOL_CONVERSION = YES;
				CLANG_WARN_CONSTANT_CONVERSION = YES;
				CLANG_WARN_DIRECT_OBJC_ISA_USAGE = YES_ERROR;
				CLANG_WARN_DOCUMENTATION_COMMENTS = YES;
				CLANG_WARN_EMPTY_BODY = YES;
				CLANG_WARN_ENUM_CONVERSION = YES;
				CLANG_WARN_INFINITE_RECURSION = YES;
				CLANG_WARN_INT_CONVERSION = YES;
				CLANG_WARN_OBJC_ROOT_CLASS = YES_ERROR;
				CLANG_WARN_SUSPICIOUS_MOVE = YES;
				CLANG_WARN_UNREACHABLE_CODE = YES;
				CLANG_WARN__DUPLICATE_METHOD_MATCH = YES;
				"CODE_SIGN_IDENTITY[sdk=iphoneos*]" = "iPhone Developer";
				COPY_PHASE_STRIP = NO;
				DEBUG_INFORMATION_FORMAT = dwarf;
				ENABLE_STRICT_OBJC_MSGSEND = YES;
				ENABLE_TESTABILITY = YES;
				GCC_C_LANGUAGE_STANDARD = gnu99;
				GCC_DYNAMIC_NO_PIC = NO;
				GCC_NO_COMMON_BLOCKS = YES;
				GCC_OPTIMIZATION_LEVEL = 0;
				GCC_PREPROCESSOR_DEFINITIONS = (
					"DEBUG=1",
					"$(inherited)",
				);
				GCC_WARN_64_TO_32_BIT_CONVERSION = YES;
				GCC_WARN_ABOUT_RETURN_TYPE = YES_ERROR;
				GCC_WARN_UNDECLARED_SELECTOR = YES;
				GCC_WARN_UNINITIALIZED_AUTOS = YES_AGGRESSIVE;
				GCC_WARN_UNUSED_FUNCTION = YES;
				GCC_WARN_UNUSED_VARIABLE = YES;
				IPHONEOS_DEPLOYMENT_TARGET = 10.3;
				MTL_ENABLE_DEBUG_INFO = YES;
				ONLY_ACTIVE_ARCH = YES;
				SDKROOT = iphoneos;
				SWIFT_ACTIVE_COMPILATION_CONDITIONS = DEBUG;
				SWIFT_OPTIMIZATION_LEVEL = "-Onone";
			};
			name = Debug;
		};
		8CA615A21F1D2FE500C07F57 /* Release */ = {
			isa = XCBuildConfiguration;
			buildSettings = {
				ALWAYS_SEARCH_USER_PATHS = NO;
				CLANG_ANALYZER_NONNULL = YES;
				CLANG_ANALYZER_NUMBER_OBJECT_CONVERSION = YES_AGGRESSIVE;
				CLANG_CXX_LANGUAGE_STANDARD = "gnu++0x";
				CLANG_CXX_LIBRARY = "libc++";
				CLANG_ENABLE_MODULES = YES;
				CLANG_ENABLE_OBJC_ARC = YES;
				CLANG_WARN_BOOL_CONVERSION = YES;
				CLANG_WARN_CONSTANT_CONVERSION = YES;
				CLANG_WARN_DIRECT_OBJC_ISA_USAGE = YES_ERROR;
				CLANG_WARN_DOCUMENTATION_COMMENTS = YES;
				CLANG_WARN_EMPTY_BODY = YES;
				CLANG_WARN_ENUM_CONVERSION = YES;
				CLANG_WARN_INFINITE_RECURSION = YES;
				CLANG_WARN_INT_CONVERSION = YES;
				CLANG_WARN_OBJC_ROOT_CLASS = YES_ERROR;
				CLANG_WARN_SUSPICIOUS_MOVE = YES;
				CLANG_WARN_UNREACHABLE_CODE = YES;
				CLANG_WARN__DUPLICATE_METHOD_MATCH = YES;
				"CODE_SIGN_IDENTITY[sdk=iphoneos*]" = "iPhone Developer";
				COPY_PHASE_STRIP = NO;
				DEBUG_INFORMATION_FORMAT = "dwarf-with-dsym";
				ENABLE_NS_ASSERTIONS = NO;
				ENABLE_STRICT_OBJC_MSGSEND = YES;
				GCC_C_LANGUAGE_STANDARD = gnu99;
				GCC_NO_COMMON_BLOCKS = YES;
				GCC_WARN_64_TO_32_BIT_CONVERSION = YES;
				GCC_WARN_ABOUT_RETURN_TYPE = YES_ERROR;
				GCC_WARN_UNDECLARED_SELECTOR = YES;
				GCC_WARN_UNINITIALIZED_AUTOS = YES_AGGRESSIVE;
				GCC_WARN_UNUSED_FUNCTION = YES;
				GCC_WARN_UNUSED_VARIABLE = YES;
				IPHONEOS_DEPLOYMENT_TARGET = 10.3;
				MTL_ENABLE_DEBUG_INFO = NO;
				SDKROOT = iphoneos;
				SWIFT_OPTIMIZATION_LEVEL = "-Owholemodule";
				VALIDATE_PRODUCT = YES;
			};
			name = Release;
		};
		8CA615A41F1D2FE500C07F57 /* Debug */ = {
			isa = XCBuildConfiguration;
			buildSettings = {
				ASSETCATALOG_COMPILER_APPICON_NAME = AppIcon;
				DEVELOPMENT_TEAM = Y8YFPUXR3W;
				INFOPLIST_FILE = MediaDemo/Info.plist;
				LD_RUNPATH_SEARCH_PATHS = "$(inherited) @executable_path/Frameworks";
				PRODUCT_BUNDLE_IDENTIFIER = ricardo.MediaDemo;
				PRODUCT_NAME = "$(TARGET_NAME)";
				SWIFT_VERSION = 3.0;
			};
			name = Debug;
		};
		8CA615A51F1D2FE500C07F57 /* Release */ = {
			isa = XCBuildConfiguration;
			buildSettings = {
				ASSETCATALOG_COMPILER_APPICON_NAME = AppIcon;
				DEVELOPMENT_TEAM = Y8YFPUXR3W;
				INFOPLIST_FILE = MediaDemo/Info.plist;
				LD_RUNPATH_SEARCH_PATHS = "$(inherited) @executable_path/Frameworks";
				PRODUCT_BUNDLE_IDENTIFIER = ricardo.MediaDemo;
				PRODUCT_NAME = "$(TARGET_NAME)";
				SWIFT_VERSION = 3.0;
			};
			name = Release;
		};
		8CA615A71F1D2FE500C07F57 /* Debug */ = {
			isa = XCBuildConfiguration;
			buildSettings = {
				ALWAYS_EMBED_SWIFT_STANDARD_LIBRARIES = YES;
				BUNDLE_LOADER = "$(TEST_HOST)";
				INFOPLIST_FILE = MediaDemoTests/Info.plist;
				LD_RUNPATH_SEARCH_PATHS = "$(inherited) @executable_path/Frameworks @loader_path/Frameworks";
				PRODUCT_BUNDLE_IDENTIFIER = ricardo.MediaDemoTests;
				PRODUCT_NAME = "$(TARGET_NAME)";
				SWIFT_VERSION = 3.0;
				TEST_HOST = "$(BUILT_PRODUCTS_DIR)/MediaDemo.app/MediaDemo";
			};
			name = Debug;
		};
		8CA615A81F1D2FE500C07F57 /* Release */ = {
			isa = XCBuildConfiguration;
			buildSettings = {
				ALWAYS_EMBED_SWIFT_STANDARD_LIBRARIES = YES;
				BUNDLE_LOADER = "$(TEST_HOST)";
				INFOPLIST_FILE = MediaDemoTests/Info.plist;
				LD_RUNPATH_SEARCH_PATHS = "$(inherited) @executable_path/Frameworks @loader_path/Frameworks";
				PRODUCT_BUNDLE_IDENTIFIER = ricardo.MediaDemoTests;
				PRODUCT_NAME = "$(TARGET_NAME)";
				SWIFT_VERSION = 3.0;
				TEST_HOST = "$(BUILT_PRODUCTS_DIR)/MediaDemo.app/MediaDemo";
			};
			name = Release;
		};
		8CA615AA1F1D2FE500C07F57 /* Debug */ = {
			isa = XCBuildConfiguration;
			buildSettings = {
				ALWAYS_EMBED_SWIFT_STANDARD_LIBRARIES = YES;
				INFOPLIST_FILE = MediaDemoUITests/Info.plist;
				LD_RUNPATH_SEARCH_PATHS = "$(inherited) @executable_path/Frameworks @loader_path/Frameworks";
				PRODUCT_BUNDLE_IDENTIFIER = ricardo.MediaDemoUITests;
				PRODUCT_NAME = "$(TARGET_NAME)";
				SWIFT_VERSION = 3.0;
				TEST_TARGET_NAME = MediaDemo;
			};
			name = Debug;
		};
		8CA615AB1F1D2FE500C07F57 /* Release */ = {
			isa = XCBuildConfiguration;
			buildSettings = {
				ALWAYS_EMBED_SWIFT_STANDARD_LIBRARIES = YES;
				INFOPLIST_FILE = MediaDemoUITests/Info.plist;
				LD_RUNPATH_SEARCH_PATHS = "$(inherited) @executable_path/Frameworks @loader_path/Frameworks";
				PRODUCT_BUNDLE_IDENTIFIER = ricardo.MediaDemoUITests;
				PRODUCT_NAME = "$(TARGET_NAME)";
				SWIFT_VERSION = 3.0;
				TEST_TARGET_NAME = MediaDemo;
			};
			name = Release;
		};
/* End XCBuildConfiguration section */

/* Begin XCConfigurationList section */
		8CA615761F1D2FE500C07F57 /* Build configuration list for PBXProject "MediaDemo" */ = {
			isa = XCConfigurationList;
			buildConfigurations = (
				8CA615A11F1D2FE500C07F57 /* Debug */,
				8CA615A21F1D2FE500C07F57 /* Release */,
			);
			defaultConfigurationIsVisible = 0;
			defaultConfigurationName = Release;
		};
		8CA615A31F1D2FE500C07F57 /* Build configuration list for PBXNativeTarget "MediaDemo" */ = {
			isa = XCConfigurationList;
			buildConfigurations = (
				8CA615A41F1D2FE500C07F57 /* Debug */,
				8CA615A51F1D2FE500C07F57 /* Release */,
			);
			defaultConfigurationIsVisible = 0;
		};
		8CA615A61F1D2FE500C07F57 /* Build configuration list for PBXNativeTarget "MediaDemoTests" */ = {
			isa = XCConfigurationList;
			buildConfigurations = (
				8CA615A71F1D2FE500C07F57 /* Debug */,
				8CA615A81F1D2FE500C07F57 /* Release */,
			);
			defaultConfigurationIsVisible = 0;
		};
		8CA615A91F1D2FE500C07F57 /* Build configuration list for PBXNativeTarget "MediaDemoUITests" */ = {
			isa = XCConfigurationList;
			buildConfigurations = (
				8CA615AA1F1D2FE500C07F57 /* Debug */,
				8CA615AB1F1D2FE500C07F57 /* Release */,
			);
			defaultConfigurationIsVisible = 0;
		};
/* End XCConfigurationList section */
	};
	rootObject = 8CA615731F1D2FE500C07F57 /* Project object */;
}
